
Microsoft Visual Studio Solution File, Format Version 12.00
# Visual Studio Version 17
VisualStudioVersion = 17.2.32602.215
MinimumVisualStudioVersion = 10.0.40219.1
Project("{FAE04EC0-301F-11D3-BF4B-00C04F79EFBC}") = "UsingGitWithVS", "UsingGitWithVS\UsingGitWithVS.csproj", "{8DE91E1F-A8B8-4A70-84D5-8734C0D576F6}"
EndProject
Global
	GlobalSection(SolutionConfigurationPlatforms) = preSolution
		Debug|Any CPU = Debug|Any CPU
		Release|Any CPU = Release|Any CPU
	EndGlobalSection
	GlobalSection(ProjectConfigurationPlatforms) = postSolution
		{8DE91E1F-A8B8-4A70-84D5-8734C0D576F6}.Debug|Any CPU.ActiveCfg = Debug|Any CPU
		{8DE91E1F-A8B8-4A70-84D5-8734C0D576F6}.Debug|Any CPU.Build.0 = Debug|Any CPU
		{8DE91E1F-A8B8-4A70-84D5-8734C0D576F6}.Release|Any CPU.ActiveCfg = Release|Any CPU
		{8DE91E1F-A8B8-4A70-84D5-8734C0D576F6}.Release|Any CPU.Build.0 = Release|Any CPU
	EndGlobalSection
	GlobalSection(SolutionProperties) = preSolution
		HideSolutionNode = FALSE
	EndGlobalSection
	GlobalSection(ExtensibilityGlobals) = postSolution
		SolutionGuid = {3CB01957-2D0C-45FB-A4F7-6D7C33218052}
	EndGlobalSection
EndGlobal
